
Microsoft Visual Studio Solution File, Format Version 12.00
# Visual Studio Version 16
VisualStudioVersion = 16.0.30503.244
MinimumVisualStudioVersion = 10.0.40219.1
Project("{FAE04EC0-301F-11D3-BF4B-00C04F79EFBC}") = "Rapise.TestAdapter", "Rapise.TestAdapter\Rapise.TestAdapter.csproj", "{1C4F0036-2E95-499E-9EF5-9AD029C6A900}"
EndProject
Project("{FAE04EC0-301F-11D3-BF4B-00C04F79EFBC}") = "Rapise.TestAdapter.Test", "Rapise.TestAdapter.Test\Rapise.TestAdapter.Test.csproj", "{C6B60CFB-A9E5-46FA-BE54-B62945F83172}"
	ProjectSection(ProjectDependencies) = postProject
		{1C4F0036-2E95-499E-9EF5-9AD029C6A900} = {1C4F0036-2E95-499E-9EF5-9AD029C6A900}
	EndProjectSection
EndProject
Global
	GlobalSection(SolutionConfigurationPlatforms) = preSolution
		Debug|Any CPU = Debug|Any CPU
		Release|Any CPU = Release|Any CPU
	EndGlobalSection
	GlobalSection(ProjectConfigurationPlatforms) = postSolution
		{1C4F0036-2E95-499E-9EF5-9AD029C6A900}.Debug|Any CPU.ActiveCfg = Debug|Any CPU
		{1C4F0036-2E95-499E-9EF5-9AD029C6A900}.Debug|Any CPU.Build.0 = Debug|Any CPU
		{1C4F0036-2E95-499E-9EF5-9AD029C6A900}.Release|Any CPU.ActiveCfg = Release|Any CPU
		{1C4F0036-2E95-499E-9EF5-9AD029C6A900}.Release|Any CPU.Build.0 = Release|Any CPU
		{C6B60CFB-A9E5-46FA-BE54-B62945F83172}.Debug|Any CPU.ActiveCfg = Debug|Any CPU
		{C6B60CFB-A9E5-46FA-BE54-B62945F83172}.Debug|Any CPU.Build.0 = Debug|Any CPU
		{C6B60CFB-A9E5-46FA-BE54-B62945F83172}.Release|Any CPU.ActiveCfg = Release|Any CPU
		{C6B60CFB-A9E5-46FA-BE54-B62945F83172}.Release|Any CPU.Build.0 = Release|Any CPU
	EndGlobalSection
	GlobalSection(SolutionProperties) = preSolution
		HideSolutionNode = FALSE
	EndGlobalSection
	GlobalSection(ExtensibilityGlobals) = postSolution
		SolutionGuid = {8B27E335-0F5E-4115-9AE8-6A56BD6C7E07}
	EndGlobalSection
EndGlobal
